
Microsoft Visual Studio Solution File, Format Version 12.00
# Visual Studio Version 16
VisualStudioVersion = 16.0.30804.86
MinimumVisualStudioVersion = 10.0.40219.1
Project("{FAE04EC0-301F-11D3-BF4B-00C04F79EFBC}") = "DAL", "DAL\DAL.csproj", "{820721C2-7524-4007-86D6-D537ED05DD3F}"
EndProject
Project("{FAE04EC0-301F-11D3-BF4B-00C04F79EFBC}") = "WebApplication", "WebApplication\WebApplication.csproj", "{F876363E-A0CA-4BC7-8BDE-FD4642D264A9}"
EndProject
Project("{FAE04EC0-301F-11D3-BF4B-00C04F79EFBC}") = "BL", "BL\BL.csproj", "{ACB5D0AD-38BF-4A6B-97EF-E2BF5BF75ED9}"
EndProject
Global
	GlobalSection(SolutionConfigurationPlatforms) = preSolution
		Debug|Any CPU = Debug|Any CPU
		Release|Any CPU = Release|Any CPU
	EndGlobalSection
	GlobalSection(ProjectConfigurationPlatforms) = postSolution
		{820721C2-7524-4007-86D6-D537ED05DD3F}.Debug|Any CPU.ActiveCfg = Debug|Any CPU
		{820721C2-7524-4007-86D6-D537ED05DD3F}.Debug|Any CPU.Build.0 = Debug|Any CPU
		{820721C2-7524-4007-86D6-D537ED05DD3F}.Release|Any CPU.ActiveCfg = Release|Any CPU
		{820721C2-7524-4007-86D6-D537ED05DD3F}.Release|Any CPU.Build.0 = Release|Any CPU
		{F876363E-A0CA-4BC7-8BDE-FD4642D264A9}.Debug|Any CPU.ActiveCfg = Debug|Any CPU
		{F876363E-A0CA-4BC7-8BDE-FD4642D264A9}.Debug|Any CPU.Build.0 = Debug|Any CPU
		{F876363E-A0CA-4BC7-8BDE-FD4642D264A9}.Release|Any CPU.ActiveCfg = Release|Any CPU
		{F876363E-A0CA-4BC7-8BDE-FD4642D264A9}.Release|Any CPU.Build.0 = Release|Any CPU
		{ACB5D0AD-38BF-4A6B-97EF-E2BF5BF75ED9}.Debug|Any CPU.ActiveCfg = Debug|Any CPU
		{ACB5D0AD-38BF-4A6B-97EF-E2BF5BF75ED9}.Debug|Any CPU.Build.0 = Debug|Any CPU
		{ACB5D0AD-38BF-4A6B-97EF-E2BF5BF75ED9}.Release|Any CPU.ActiveCfg = Release|Any CPU
		{ACB5D0AD-38BF-4A6B-97EF-E2BF5BF75ED9}.Release|Any CPU.Build.0 = Release|Any CPU
	EndGlobalSection
	GlobalSection(SolutionProperties) = preSolution
		HideSolutionNode = FALSE
	EndGlobalSection
	GlobalSection(ExtensibilityGlobals) = postSolution
		SolutionGuid = {42D924A4-A605-4158-A247-F875284FCC0C}
	EndGlobalSection
EndGlobal
